
Microsoft Visual Studio Solution File, Format Version 12.00
# Visual Studio Version 16
VisualStudioVersion = 16.0.31205.134
MinimumVisualStudioVersion = 10.0.40219.1
Project("{FAE04EC0-301F-11D3-BF4B-00C04F79EFBC}") = "Calculator", "Calculator\Calculator.csproj", "{D7B6EE3C-B3B1-42D1-BC72-50D94A5C2952}"
EndProject
Global
	GlobalSection(SolutionConfigurationPlatforms) = preSolution
		Debug|Any CPU = Debug|Any CPU
		Release|Any CPU = Release|Any CPU
	EndGlobalSection
	GlobalSection(ProjectConfigurationPlatforms) = postSolution
		{D7B6EE3C-B3B1-42D1-BC72-50D94A5C2952}.Debug|Any CPU.ActiveCfg = Debug|Any CPU
		{D7B6EE3C-B3B1-42D1-BC72-50D94A5C2952}.Debug|Any CPU.Build.0 = Debug|Any CPU
		{D7B6EE3C-B3B1-42D1-BC72-50D94A5C2952}.Release|Any CPU.ActiveCfg = Release|Any CPU
		{D7B6EE3C-B3B1-42D1-BC72-50D94A5C2952}.Release|Any CPU.Build.0 = Release|Any CPU
	EndGlobalSection
	GlobalSection(SolutionProperties) = preSolution
		HideSolutionNode = FALSE
	EndGlobalSection
	GlobalSection(ExtensibilityGlobals) = postSolution
		SolutionGuid = {BFC1F9AB-491F-4353-8CBD-CE6234575CAF}
	EndGlobalSection
EndGlobal
